
Microsoft Visual Studio Solution File, Format Version 12.00
# Visual Studio Version 16
VisualStudioVersion = 16.0.29409.12
MinimumVisualStudioVersion = 10.0.40219.1
Project("{FAE04EC0-301F-11D3-BF4B-00C04F79EFBC}") = "Gamming", "Gamming.csproj", "{148086CB-A246-4AFA-B937-6053D3BABE53}"
EndProject
Global
	GlobalSection(SolutionConfigurationPlatforms) = preSolution
		Debug|Any CPU = Debug|Any CPU
		Release|Any CPU = Release|Any CPU
	EndGlobalSection
	GlobalSection(ProjectConfigurationPlatforms) = postSolution
		{148086CB-A246-4AFA-B937-6053D3BABE53}.Debug|Any CPU.ActiveCfg = Debug|Any CPU
		{148086CB-A246-4AFA-B937-6053D3BABE53}.Debug|Any CPU.Build.0 = Debug|Any CPU
		{148086CB-A246-4AFA-B937-6053D3BABE53}.Release|Any CPU.ActiveCfg = Release|Any CPU
		{148086CB-A246-4AFA-B937-6053D3BABE53}.Release|Any CPU.Build.0 = Release|Any CPU
	EndGlobalSection
	GlobalSection(SolutionProperties) = preSolution
		HideSolutionNode = FALSE
	EndGlobalSection
	GlobalSection(ExtensibilityGlobals) = postSolution
		SolutionGuid = {510D3AC8-78B6-48A9-8B19-049370BCC197}
	EndGlobalSection
EndGlobal
